
Microsoft Visual Studio Solution File, Format Version 12.00
# Visual Studio 15
VisualStudioVersion = 15.0.28010.2003
MinimumVisualStudioVersion = 10.0.40219.1
Project("{2150E333-8FDC-42A3-9474-1A3956D46DE8}") = "Backend", "Backend", "{E06899FE-3C3E-47D6-893D-312ABC7433BA}"
EndProject
Project("{2150E333-8FDC-42A3-9474-1A3956D46DE8}") = "Common", "Common", "{2E8D5D55-3563-48C6-B1A2-B2F37CCB89E3}"
EndProject
Project("{2150E333-8FDC-42A3-9474-1A3956D46DE8}") = "Frontend", "Frontend", "{912BAC70-31D9-4DD9-A95A-54ECF17A12CF}"
EndProject
Project("{FAE04EC0-301F-11D3-BF4B-00C04F79EFBC}") = "WPEDMAS.Assets", "WPEDMAS.Assets\WPEDMAS.Assets.csproj", "{5DFF77BB-611E-4556-980C-B589B6C134BD}"
EndProject
Project("{FAE04EC0-301F-11D3-BF4B-00C04F79EFBC}") = "WPEDMAS.Client.Core", "WPEDMAS.Client.Core\WPEDMAS.Client.Core.csproj", "{63803B69-F68E-4EAC-B838-536F36058DD2}"
EndProject
Project("{FAE04EC0-301F-11D3-BF4B-00C04F79EFBC}") = "WPEDMAS.Mvvm.Wpf", "WPEDMAS.Mvvm.Wpf\WPEDMAS.Mvvm.Wpf.csproj", "{CBBB21C7-DAFE-47DE-AC5C-C77E67E431B6}"
EndProject
Project("{FAE04EC0-301F-11D3-BF4B-00C04F79EFBC}") = "WPEDMAS.SingleWell", "WPEDMAS.SingleWell\WPEDMAS.SingleWell.csproj", "{13759334-0E2C-41AF-AB0F-6234D618C753}"
EndProject
Project("{FAE04EC0-301F-11D3-BF4B-00C04F79EFBC}") = "WPEDMAS.Client", "WPEDMAS.Client\WPEDMAS.Client.csproj", "{85D25413-4233-479F-BD8D-56A5D24FED62}"
EndProject
Project("{FAE04EC0-301F-11D3-BF4B-00C04F79EFBC}") = "WPEDMAS.DataManagement", "WPEDMAS.DataManagement\WPEDMAS.DataManagement.csproj", "{1BA8F575-47C4-4ECA-A5C7-3C4BE3238863}"
EndProject
Project("{FAE04EC0-301F-11D3-BF4B-00C04F79EFBC}") = "WPEDMAS.QueryClient", "WPEDMAS.QueryClient\WPEDMAS.QueryClient.csproj", "{326D4757-30EE-4541-B525-60248E0E463E}"
EndProject
Project("{FAE04EC0-301F-11D3-BF4B-00C04F79EFBC}") = "WPEDMAS.Common.QueryClient", "WPEDMAS.Common.QueryClient\WPEDMAS.Common.QueryClient.csproj", "{85D5BE8E-A1E8-4DB6-9B98-979B9477296A}"
EndProject
Project("{FAE04EC0-301F-11D3-BF4B-00C04F79EFBC}") = "WPEDMAS.Data", "WPEDMAS.Data\WPEDMAS.Data.csproj", "{EBD090F0-C38D-4AAD-B6AB-4D99BEC9C142}"
EndProject
Project("{FAE04EC0-301F-11D3-BF4B-00C04F79EFBC}") = "WPEDMAS.Models", "WPEDMAS.Models\WPEDMAS.Models.csproj", "{E9F8C2D5-DFE9-438B-9152-893DEFA30989}"
EndProject
Global
	GlobalSection(SolutionConfigurationPlatforms) = preSolution
		Debug|Any CPU = Debug|Any CPU
		Release|Any CPU = Release|Any CPU
	EndGlobalSection
	GlobalSection(ProjectConfigurationPlatforms) = postSolution
		{5DFF77BB-611E-4556-980C-B589B6C134BD}.Debug|Any CPU.ActiveCfg = Debug|Any CPU
		{5DFF77BB-611E-4556-980C-B589B6C134BD}.Debug|Any CPU.Build.0 = Debug|Any CPU
		{5DFF77BB-611E-4556-980C-B589B6C134BD}.Release|Any CPU.ActiveCfg = Release|Any CPU
		{5DFF77BB-611E-4556-980C-B589B6C134BD}.Release|Any CPU.Build.0 = Release|Any CPU
		{63803B69-F68E-4EAC-B838-536F36058DD2}.Debug|Any CPU.ActiveCfg = Debug|Any CPU
		{63803B69-F68E-4EAC-B838-536F36058DD2}.Debug|Any CPU.Build.0 = Debug|Any CPU
		{63803B69-F68E-4EAC-B838-536F36058DD2}.Release|Any CPU.ActiveCfg = Release|Any CPU
		{63803B69-F68E-4EAC-B838-536F36058DD2}.Release|Any CPU.Build.0 = Release|Any CPU
		{CBBB21C7-DAFE-47DE-AC5C-C77E67E431B6}.Debug|Any CPU.ActiveCfg = Debug|Any CPU
		{CBBB21C7-DAFE-47DE-AC5C-C77E67E431B6}.Debug|Any CPU.Build.0 = Debug|Any CPU
		{CBBB21C7-DAFE-47DE-AC5C-C77E67E431B6}.Release|Any CPU.ActiveCfg = Release|Any CPU
		{CBBB21C7-DAFE-47DE-AC5C-C77E67E431B6}.Release|Any CPU.Build.0 = Release|Any CPU
		{13759334-0E2C-41AF-AB0F-6234D618C753}.Debug|Any CPU.ActiveCfg = Debug|Any CPU
		{13759334-0E2C-41AF-AB0F-6234D618C753}.Debug|Any CPU.Build.0 = Debug|Any CPU
		{13759334-0E2C-41AF-AB0F-6234D618C753}.Release|Any CPU.ActiveCfg = Release|Any CPU
		{13759334-0E2C-41AF-AB0F-6234D618C753}.Release|Any CPU.Build.0 = Release|Any CPU
		{85D25413-4233-479F-BD8D-56A5D24FED62}.Debug|Any CPU.ActiveCfg = Debug|Any CPU
		{85D25413-4233-479F-BD8D-56A5D24FED62}.Debug|Any CPU.Build.0 = Debug|Any CPU
		{85D25413-4233-479F-BD8D-56A5D24FED62}.Release|Any CPU.ActiveCfg = Release|Any CPU
		{85D25413-4233-479F-BD8D-56A5D24FED62}.Release|Any CPU.Build.0 = Release|Any CPU
		{1BA8F575-47C4-4ECA-A5C7-3C4BE3238863}.Debug|Any CPU.ActiveCfg = Debug|Any CPU
		{1BA8F575-47C4-4ECA-A5C7-3C4BE3238863}.Debug|Any CPU.Build.0 = Debug|Any CPU
		{1BA8F575-47C4-4ECA-A5C7-3C4BE3238863}.Release|Any CPU.ActiveCfg = Release|Any CPU
		{1BA8F575-47C4-4ECA-A5C7-3C4BE3238863}.Release|Any CPU.Build.0 = Release|Any CPU
		{326D4757-30EE-4541-B525-60248E0E463E}.Debug|Any CPU.ActiveCfg = Debug|Any CPU
		{326D4757-30EE-4541-B525-60248E0E463E}.Debug|Any CPU.Build.0 = Debug|Any CPU
		{326D4757-30EE-4541-B525-60248E0E463E}.Release|Any CPU.ActiveCfg = Release|Any CPU
		{326D4757-30EE-4541-B525-60248E0E463E}.Release|Any CPU.Build.0 = Release|Any CPU
		{85D5BE8E-A1E8-4DB6-9B98-979B9477296A}.Debug|Any CPU.ActiveCfg = Debug|Any CPU
		{85D5BE8E-A1E8-4DB6-9B98-979B9477296A}.Debug|Any CPU.Build.0 = Debug|Any CPU
		{85D5BE8E-A1E8-4DB6-9B98-979B9477296A}.Release|Any CPU.ActiveCfg = Release|Any CPU
		{85D5BE8E-A1E8-4DB6-9B98-979B9477296A}.Release|Any CPU.Build.0 = Release|Any CPU
		{EBD090F0-C38D-4AAD-B6AB-4D99BEC9C142}.Debug|Any CPU.ActiveCfg = Debug|Any CPU
		{EBD090F0-C38D-4AAD-B6AB-4D99BEC9C142}.Debug|Any CPU.Build.0 = Debug|Any CPU
		{EBD090F0-C38D-4AAD-B6AB-4D99BEC9C142}.Release|Any CPU.ActiveCfg = Release|Any CPU
		{EBD090F0-C38D-4AAD-B6AB-4D99BEC9C142}.Release|Any CPU.Build.0 = Release|Any CPU
		{E9F8C2D5-DFE9-438B-9152-893DEFA30989}.Debug|Any CPU.ActiveCfg = Debug|Any CPU
		{E9F8C2D5-DFE9-438B-9152-893DEFA30989}.Debug|Any CPU.Build.0 = Debug|Any CPU
		{E9F8C2D5-DFE9-438B-9152-893DEFA30989}.Release|Any CPU.ActiveCfg = Release|Any CPU
		{E9F8C2D5-DFE9-438B-9152-893DEFA30989}.Release|Any CPU.Build.0 = Release|Any CPU
	EndGlobalSection
	GlobalSection(SolutionProperties) = preSolution
		HideSolutionNode = FALSE
	EndGlobalSection
	GlobalSection(NestedProjects) = preSolution
		{5DFF77BB-611E-4556-980C-B589B6C134BD} = {2E8D5D55-3563-48C6-B1A2-B2F37CCB89E3}
		{63803B69-F68E-4EAC-B838-536F36058DD2} = {2E8D5D55-3563-48C6-B1A2-B2F37CCB89E3}
		{CBBB21C7-DAFE-47DE-AC5C-C77E67E431B6} = {2E8D5D55-3563-48C6-B1A2-B2F37CCB89E3}
		{13759334-0E2C-41AF-AB0F-6234D618C753} = {912BAC70-31D9-4DD9-A95A-54ECF17A12CF}
		{85D25413-4233-479F-BD8D-56A5D24FED62} = {912BAC70-31D9-4DD9-A95A-54ECF17A12CF}
		{1BA8F575-47C4-4ECA-A5C7-3C4BE3238863} = {912BAC70-31D9-4DD9-A95A-54ECF17A12CF}
		{326D4757-30EE-4541-B525-60248E0E463E} = {2E8D5D55-3563-48C6-B1A2-B2F37CCB89E3}
		{85D5BE8E-A1E8-4DB6-9B98-979B9477296A} = {2E8D5D55-3563-48C6-B1A2-B2F37CCB89E3}
		{EBD090F0-C38D-4AAD-B6AB-4D99BEC9C142} = {2E8D5D55-3563-48C6-B1A2-B2F37CCB89E3}
		{E9F8C2D5-DFE9-438B-9152-893DEFA30989} = {2E8D5D55-3563-48C6-B1A2-B2F37CCB89E3}
	EndGlobalSection
	GlobalSection(ExtensibilityGlobals) = postSolution
		SolutionGuid = {C05D537E-8BFA-48F9-868E-7DEB80CAA30C}
	EndGlobalSection
EndGlobal
